// !$*UTF8*$!
{
	archiveVersion = 1;
	classes = {
	};
	objectVersion = 48;
	objects = {

/* Begin PBXBuildFile section */
		1B8666DE1EAC9D5A00FD0E19 /* ArchiveTest.swift in Sources */ = {isa = PBXBuildFile; fileRef = 1B8666D21EAC9D5400FD0E19 /* ArchiveTest.swift */; };
		1B8666DF1EAC9D5A00FD0E19 /* CommandlineParserTest.swift in Sources */ = {isa = PBXBuildFile; fileRef = 1B8666D31EAC9D5400FD0E19 /* CommandlineParserTest.swift */; };
		1B8666E01EAC9D5A00FD0E19 /* CompressionTest.swift in Sources */ = {isa = PBXBuildFile; fileRef = 1B8666D41EAC9D5400FD0E19 /* CompressionTest.swift */; };
		1B8666E11EAC9D5A00FD0E19 /* CompressRunnerTest.swift in Sources */ = {isa = PBXBuildFile; fileRef = 1B8666D51EAC9D5400FD0E19 /* CompressRunnerTest.swift */; };
		1B8666E21EAC9D5A00FD0E19 /* ReconstituteCompressionTest.swift in Sources */ = {isa = PBXBuildFile; fileRef = 1B8666D61EAC9D5400FD0E19 /* ReconstituteCompressionTest.swift */; };
		1B8666E31EAC9D5A00FD0E19 /* ReconstitutionTest.swift in Sources */ = {isa = PBXBuildFile; fileRef = 1B8666D71EAC9D5400FD0E19 /* ReconstitutionTest.swift */; };
		1B8666EA1EAC9D7000FD0E19 /* Archive.swift in Sources */ = {isa = PBXBuildFile; fileRef = 1B8666E41EAC9D7000FD0E19 /* Archive.swift */; };
		1B8666EB1EAC9D7000FD0E19 /* CommandlineParser.swift in Sources */ = {isa = PBXBuildFile; fileRef = 1B8666E51EAC9D7000FD0E19 /* CommandlineParser.swift */; };
		1B8666EC1EAC9D7000FD0E19 /* Compression.swift in Sources */ = {isa = PBXBuildFile; fileRef = 1B8666E61EAC9D7000FD0E19 /* Compression.swift */; };
		1B8666ED1EAC9D7000FD0E19 /* CompressRunner.swift in Sources */ = {isa = PBXBuildFile; fileRef = 1B8666E71EAC9D7000FD0E19 /* CompressRunner.swift */; };
		1B8666EE1EAC9D7000FD0E19 /* main.swift in Sources */ = {isa = PBXBuildFile; fileRef = 1B8666E81EAC9D7000FD0E19 /* main.swift */; };
		1B8666EF1EAC9D7000FD0E19 /* Reconstitution.swift in Sources */ = {isa = PBXBuildFile; fileRef = 1B8666E91EAC9D7000FD0E19 /* Reconstitution.swift */; };
		1B8666F01EAC9D7400FD0E19 /* Archive.swift in Sources */ = {isa = PBXBuildFile; fileRef = 1B8666E41EAC9D7000FD0E19 /* Archive.swift */; };
		1B8666F11EAC9D7400FD0E19 /* CommandlineParser.swift in Sources */ = {isa = PBXBuildFile; fileRef = 1B8666E51EAC9D7000FD0E19 /* CommandlineParser.swift */; };
		1B8666F21EAC9D7400FD0E19 /* Compression.swift in Sources */ = {isa = PBXBuildFile; fileRef = 1B8666E61EAC9D7000FD0E19 /* Compression.swift */; };
		1B8666F31EAC9D7400FD0E19 /* CompressRunner.swift in Sources */ = {isa = PBXBuildFile; fileRef = 1B8666E71EAC9D7000FD0E19 /* CompressRunner.swift */; };
		1B8666F41EAC9D7400FD0E19 /* main.swift in Sources */ = {isa = PBXBuildFile; fileRef = 1B8666E81EAC9D7000FD0E19 /* main.swift */; };
		1B8666F51EAC9D7400FD0E19 /* Reconstitution.swift in Sources */ = {isa = PBXBuildFile; fileRef = 1B8666E91EAC9D7000FD0E19 /* Reconstitution.swift */; };
		1B8667011EACF14F00FD0E19 /* CommandLineKit.framework in Frameworks */ = {isa = PBXBuildFile; fileRef = 1B8666FC1EACF0B900FD0E19 /* CommandLineKit.framework */; };
/* End PBXBuildFile section */

/* Begin PBXContainerItemProxy section */
		1B214CAD1E88811500B32AE6 /* PBXContainerItemProxy */ = {
			isa = PBXContainerItemProxy;
			containerPortal = OBJ_1 /* Project object */;
			proxyType = 1;
			remoteGlobalIDString = OBJ_25;
			remoteInfo = Inflato;
		};
		1B8666FB1EACF0B900FD0E19 /* PBXContainerItemProxy */ = {
			isa = PBXContainerItemProxy;
			containerPortal = 1B8666F61EACF0B900FD0E19 /* CommandLineKit.xcodeproj */;
			proxyType = 2;
			remoteGlobalIDString = 5D06884319674D7D00BBFAAC;
			remoteInfo = CommandLineKit;
		};
		1B8666FD1EACF0B900FD0E19 /* PBXContainerItemProxy */ = {
			isa = PBXContainerItemProxy;
			containerPortal = 1B8666F61EACF0B900FD0E19 /* CommandLineKit.xcodeproj */;
			proxyType = 2;
			remoteGlobalIDString = 5D06884E19674D7D00BBFAAC;
			remoteInfo = CommandLineKitTests;
		};
		1B8666FF1EACF14700FD0E19 /* PBXContainerItemProxy */ = {
			isa = PBXContainerItemProxy;
			containerPortal = 1B8666F61EACF0B900FD0E19 /* CommandLineKit.xcodeproj */;
			proxyType = 1;
			remoteGlobalIDString = 5D06884219674D7D00BBFAAC;
			remoteInfo = CommandLineKit;
		};
/* End PBXContainerItemProxy section */

/* Begin PBXFileReference section */
		1B8666D21EAC9D5400FD0E19 /* ArchiveTest.swift */ = {isa = PBXFileReference; fileEncoding = 4; lastKnownFileType = sourcecode.swift; name = ArchiveTest.swift; path = Tests/InflatoTests/ArchiveTest.swift; sourceTree = SOURCE_ROOT; };
		1B8666D31EAC9D5400FD0E19 /* CommandlineParserTest.swift */ = {isa = PBXFileReference; fileEncoding = 4; lastKnownFileType = sourcecode.swift; name = CommandlineParserTest.swift; path = Tests/InflatoTests/CommandlineParserTest.swift; sourceTree = SOURCE_ROOT; };
		1B8666D41EAC9D5400FD0E19 /* CompressionTest.swift */ = {isa = PBXFileReference; fileEncoding = 4; lastKnownFileType = sourcecode.swift; name = CompressionTest.swift; path = Tests/InflatoTests/CompressionTest.swift; sourceTree = SOURCE_ROOT; };
		1B8666D51EAC9D5400FD0E19 /* CompressRunnerTest.swift */ = {isa = PBXFileReference; fileEncoding = 4; lastKnownFileType = sourcecode.swift; name = CompressRunnerTest.swift; path = Tests/InflatoTests/CompressRunnerTest.swift; sourceTree = SOURCE_ROOT; };
		1B8666D61EAC9D5400FD0E19 /* ReconstituteCompressionTest.swift */ = {isa = PBXFileReference; fileEncoding = 4; lastKnownFileType = sourcecode.swift; name = ReconstituteCompressionTest.swift; path = Tests/InflatoTests/ReconstituteCompressionTest.swift; sourceTree = SOURCE_ROOT; };
		1B8666D71EAC9D5400FD0E19 /* ReconstitutionTest.swift */ = {isa = PBXFileReference; fileEncoding = 4; lastKnownFileType = sourcecode.swift; name = ReconstitutionTest.swift; path = Tests/InflatoTests/ReconstitutionTest.swift; sourceTree = SOURCE_ROOT; };
		1B8666E41EAC9D7000FD0E19 /* Archive.swift */ = {isa = PBXFileReference; fileEncoding = 4; lastKnownFileType = sourcecode.swift; name = Archive.swift; path = Sources/Inflato/Archive.swift; sourceTree = SOURCE_ROOT; };
		1B8666E51EAC9D7000FD0E19 /* CommandlineParser.swift */ = {isa = PBXFileReference; fileEncoding = 4; lastKnownFileType = sourcecode.swift; name = CommandlineParser.swift; path = Sources/Inflato/CommandlineParser.swift; sourceTree = SOURCE_ROOT; };
		1B8666E61EAC9D7000FD0E19 /* Compression.swift */ = {isa = PBXFileReference; fileEncoding = 4; lastKnownFileType = sourcecode.swift; name = Compression.swift; path = Sources/Inflato/Compression.swift; sourceTree = SOURCE_ROOT; };
		1B8666E71EAC9D7000FD0E19 /* CompressRunner.swift */ = {isa = PBXFileReference; fileEncoding = 4; lastKnownFileType = sourcecode.swift; name = CompressRunner.swift; path = Sources/Inflato/CompressRunner.swift; sourceTree = SOURCE_ROOT; };
		1B8666E81EAC9D7000FD0E19 /* main.swift */ = {isa = PBXFileReference; fileEncoding = 4; lastKnownFileType = sourcecode.swift; name = main.swift; path = Sources/Inflato/main.swift; sourceTree = SOURCE_ROOT; };
		1B8666E91EAC9D7000FD0E19 /* Reconstitution.swift */ = {isa = PBXFileReference; fileEncoding = 4; lastKnownFileType = sourcecode.swift; name = Reconstitution.swift; path = Sources/Inflato/Reconstitution.swift; sourceTree = SOURCE_ROOT; };
		1B8666F61EACF0B900FD0E19 /* CommandLineKit.xcodeproj */ = {isa = PBXFileReference; lastKnownFileType = "wrapper.pb-project"; name = CommandLineKit.xcodeproj; path = CommandLine/CommandLineKit.xcodeproj; sourceTree = "<group>"; };
		1BAC4DB51E878F5600D67828 /* InflatoTests.xctest */ = {isa = PBXFileReference; explicitFileType = wrapper.cfbundle; includeInIndex = 0; path = InflatoTests.xctest; sourceTree = BUILT_PRODUCTS_DIR; };
		OBJ_21 /* scripts */ = {isa = PBXFileReference; lastKnownFileType = folder; path = scripts; sourceTree = SOURCE_ROOT; };
		OBJ_23 /* Inflato */ = {isa = PBXFileReference; explicitFileType = "compiled.mach-o.executable"; path = Inflato; sourceTree = BUILT_PRODUCTS_DIR; };
		OBJ_6 /* Package.swift */ = {isa = PBXFileReference; explicitFileType = sourcecode.swift; path = Package.swift; sourceTree = "<group>"; };
/* End PBXFileReference section */

/* Begin PBXFrameworksBuildPhase section */
		1BAC4DB21E878F5600D67828 /* Frameworks */ = {
			isa = PBXFrameworksBuildPhase;
			buildActionMask = 2147483647;
			files = (
			);
			runOnlyForDeploymentPostprocessing = 0;
		};
		OBJ_35 /* Frameworks */ = {
			isa = PBXFrameworksBuildPhase;
			buildActionMask = 0;
			files = (
				1B8667011EACF14F00FD0E19 /* CommandLineKit.framework in Frameworks */,
			);
			runOnlyForDeploymentPostprocessing = 0;
		};
/* End PBXFrameworksBuildPhase section */

/* Begin PBXGroup section */
		1B8666F71EACF0B900FD0E19 /* Products */ = {
			isa = PBXGroup;
			children = (
				1B8666FC1EACF0B900FD0E19 /* CommandLineKit.framework */,
				1B8666FE1EACF0B900FD0E19 /* CommandLineKitTests.xctest */,
			);
			name = Products;
			sourceTree = "<group>";
		};
		OBJ_14 /* Tests */ = {
			isa = PBXGroup;
			children = (
				OBJ_15 /* InflatoTests */,
			);
			path = Tests;
			sourceTree = "<group>";
		};
		OBJ_15 /* InflatoTests */ = {
			isa = PBXGroup;
			children = (
				1B8666D21EAC9D5400FD0E19 /* ArchiveTest.swift */,
				1B8666D31EAC9D5400FD0E19 /* CommandlineParserTest.swift */,
				1B8666D41EAC9D5400FD0E19 /* CompressionTest.swift */,
				1B8666D51EAC9D5400FD0E19 /* CompressRunnerTest.swift */,
				1B8666D61EAC9D5400FD0E19 /* ReconstituteCompressionTest.swift */,
				1B8666D71EAC9D5400FD0E19 /* ReconstitutionTest.swift */,
			);
			name = InflatoTests;
			path = Tests/InflatoTests;
			sourceTree = SOURCE_ROOT;
		};
		OBJ_22 /* Products */ = {
			isa = PBXGroup;
			children = (
				OBJ_23 /* Inflato */,
				1BAC4DB51E878F5600D67828 /* InflatoTests.xctest */,
			);
			name = Products;
			sourceTree = BUILT_PRODUCTS_DIR;
		};
		OBJ_5 = {
			isa = PBXGroup;
			children = (
				1B8666F61EACF0B900FD0E19 /* CommandLineKit.xcodeproj */,
				OBJ_6 /* Package.swift */,
				OBJ_7 /* Sources */,
				OBJ_14 /* Tests */,
				OBJ_21 /* scripts */,
				OBJ_22 /* Products */,
			);
			sourceTree = "<group>";
		};
		OBJ_7 /* Sources */ = {
			isa = PBXGroup;
			children = (
				OBJ_8 /* Inflato */,
			);
			path = Sources;
			sourceTree = "<group>";
		};
		OBJ_8 /* Inflato */ = {
			isa = PBXGroup;
			children = (
				1B8666E41EAC9D7000FD0E19 /* Archive.swift */,
				1B8666E51EAC9D7000FD0E19 /* CommandlineParser.swift */,
				1B8666E61EAC9D7000FD0E19 /* Compression.swift */,
				1B8666E71EAC9D7000FD0E19 /* CompressRunner.swift */,
				1B8666E81EAC9D7000FD0E19 /* main.swift */,
				1B8666E91EAC9D7000FD0E19 /* Reconstitution.swift */,
			);
			name = Inflato;
			path = Sources/Inflato;
			sourceTree = SOURCE_ROOT;
		};
/* End PBXGroup section */

/* Begin PBXNativeTarget section */
		1BAC4DB41E878F5600D67828 /* InflatoTests */ = {
			isa = PBXNativeTarget;
			buildConfigurationList = 1BAC4DBA1E878F5700D67828 /* Build configuration list for PBXNativeTarget "InflatoTests" */;
			buildPhases = (
				1BAC4DB11E878F5600D67828 /* Sources */,
				1BAC4DB21E878F5600D67828 /* Frameworks */,
				1BAC4DB31E878F5600D67828 /* Resources */,
			);
			buildRules = (
			);
			dependencies = (
				1B214CAE1E88811500B32AE6 /* PBXTargetDependency */,
			);
			name = InflatoTests;
			productName = InflatoTests;
			productReference = 1BAC4DB51E878F5600D67828 /* InflatoTests.xctest */;
			productType = "com.apple.product-type.bundle.unit-test";
		};
		OBJ_25 /* Inflato */ = {
			isa = PBXNativeTarget;
			buildConfigurationList = OBJ_26 /* Build configuration list for PBXNativeTarget "Inflato" */;
			buildPhases = (
				1B214CAF1E8883C400B32AE6 /* Run SwiftLint */,
				OBJ_29 /* Sources */,
				OBJ_35 /* Frameworks */,
			);
			buildRules = (
			);
			dependencies = (
				1B8667001EACF14700FD0E19 /* PBXTargetDependency */,
			);
			name = Inflato;
			productName = Inflato;
			productReference = OBJ_23 /* Inflato */;
			productType = "com.apple.product-type.tool";
		};
/* End PBXNativeTarget section */

/* Begin PBXProject section */
		OBJ_1 /* Project object */ = {
			isa = PBXProject;
			attributes = {
				LastSwiftUpdateCheck = 0820;
				LastUpgradeCheck = 9999;
				TargetAttributes = {
					1BAC4DB41E878F5600D67828 = {
						CreatedOnToolsVersion = 8.2.1;
						DevelopmentTeam = 8736JGEFXW;
						ProvisioningStyle = Automatic;
					};
					OBJ_25 = {
						LastSwiftMigration = 0830;
					};
				};
			};
			buildConfigurationList = OBJ_2 /* Build configuration list for PBXProject "Inflato" */;
			compatibilityVersion = "Xcode 8.0";
			developmentRegion = English;
			hasScannedForEncodings = 0;
			knownRegions = (
				en,
			);
			mainGroup = OBJ_5;
			productRefGroup = OBJ_22 /* Products */;
			projectDirPath = "";
			projectReferences = (
				{
					ProductGroup = 1B8666F71EACF0B900FD0E19 /* Products */;
					ProjectRef = 1B8666F61EACF0B900FD0E19 /* CommandLineKit.xcodeproj */;
				},
			);
			projectRoot = "";
			targets = (
				OBJ_25 /* Inflato */,
				1BAC4DB41E878F5600D67828 /* InflatoTests */,
			);
		};
/* End PBXProject section */

/* Begin PBXReferenceProxy section */
		1B8666FC1EACF0B900FD0E19 /* CommandLineKit.framework */ = {
			isa = PBXReferenceProxy;
			fileType = wrapper.framework;
			path = CommandLineKit.framework;
			remoteRef = 1B8666FB1EACF0B900FD0E19 /* PBXContainerItemProxy */;
			sourceTree = BUILT_PRODUCTS_DIR;
		};
		1B8666FE1EACF0B900FD0E19 /* CommandLineKitTests.xctest */ = {
			isa = PBXReferenceProxy;
			fileType = wrapper.cfbundle;
			path = CommandLineKitTests.xctest;
			remoteRef = 1B8666FD1EACF0B900FD0E19 /* PBXContainerItemProxy */;
			sourceTree = BUILT_PRODUCTS_DIR;
		};
/* End PBXReferenceProxy section */

/* Begin PBXResourcesBuildPhase section */
		1BAC4DB31E878F5600D67828 /* Resources */ = {
			isa = PBXResourcesBuildPhase;
			buildActionMask = 2147483647;
			files = (
			);
			runOnlyForDeploymentPostprocessing = 0;
		};
/* End PBXResourcesBuildPhase section */

/* Begin PBXShellScriptBuildPhase section */
		1B214CAF1E8883C400B32AE6 /* Run SwiftLint */ = {
			isa = PBXShellScriptBuildPhase;
			buildActionMask = 2147483647;
			files = (
			);
			inputPaths = (
			);
			name = "Run SwiftLint";
			outputPaths = (
			);
			runOnlyForDeploymentPostprocessing = 0;
			shellPath = /bin/sh;
			shellScript = "\"${SRCROOT}/scripts/run_swiftlint.sh\"";
		};
/* End PBXShellScriptBuildPhase section */

/* Begin PBXSourcesBuildPhase section */
		1BAC4DB11E878F5600D67828 /* Sources */ = {
			isa = PBXSourcesBuildPhase;
			buildActionMask = 2147483647;
			files = (
				1B8666DF1EAC9D5A00FD0E19 /* CommandlineParserTest.swift in Sources */,
				1B8666E01EAC9D5A00FD0E19 /* CompressionTest.swift in Sources */,
				1B8666E21EAC9D5A00FD0E19 /* ReconstituteCompressionTest.swift in Sources */,
				1B8666E31EAC9D5A00FD0E19 /* ReconstitutionTest.swift in Sources */,
				1B8666E11EAC9D5A00FD0E19 /* CompressRunnerTest.swift in Sources */,
				1B8666F31EAC9D7400FD0E19 /* CompressRunner.swift in Sources */,
				1B8666DE1EAC9D5A00FD0E19 /* ArchiveTest.swift in Sources */,
				1B8666F41EAC9D7400FD0E19 /* main.swift in Sources */,
				1B8666F21EAC9D7400FD0E19 /* Compression.swift in Sources */,
				1B8666F51EAC9D7400FD0E19 /* Reconstitution.swift in Sources */,
				1B8666F11EAC9D7400FD0E19 /* CommandlineParser.swift in Sources */,
				1B8666F01EAC9D7400FD0E19 /* Archive.swift in Sources */,
			);
			runOnlyForDeploymentPostprocessing = 0;
		};
		OBJ_29 /* Sources */ = {
			isa = PBXSourcesBuildPhase;
			buildActionMask = 0;
			files = (
				1B8666EC1EAC9D7000FD0E19 /* Compression.swift in Sources */,
				1B8666EE1EAC9D7000FD0E19 /* main.swift in Sources */,
				1B8666ED1EAC9D7000FD0E19 /* CompressRunner.swift in Sources */,
				1B8666EF1EAC9D7000FD0E19 /* Reconstitution.swift in Sources */,
				1B8666EB1EAC9D7000FD0E19 /* CommandlineParser.swift in Sources */,
				1B8666EA1EAC9D7000FD0E19 /* Archive.swift in Sources */,
			);
			runOnlyForDeploymentPostprocessing = 0;
		};
/* End PBXSourcesBuildPhase section */

/* Begin PBXTargetDependency section */
		1B214CAE1E88811500B32AE6 /* PBXTargetDependency */ = {
			isa = PBXTargetDependency;
			target = OBJ_25 /* Inflato */;
			targetProxy = 1B214CAD1E88811500B32AE6 /* PBXContainerItemProxy */;
		};
		1B8667001EACF14700FD0E19 /* PBXTargetDependency */ = {
			isa = PBXTargetDependency;
			name = CommandLineKit;
			targetProxy = 1B8666FF1EACF14700FD0E19 /* PBXContainerItemProxy */;
		};
/* End PBXTargetDependency section */

/* Begin XCBuildConfiguration section */
		1BAC4DBB1E878F5700D67828 /* Debug */ = {
			isa = XCBuildConfiguration;
			buildSettings = {
				ALWAYS_EMBED_SWIFT_STANDARD_LIBRARIES = YES;
				ALWAYS_SEARCH_USER_PATHS = NO;
				CLANG_ANALYZER_NONNULL = YES;
				CLANG_CXX_LANGUAGE_STANDARD = "gnu++0x";
				CLANG_CXX_LIBRARY = "libc++";
				CLANG_ENABLE_MODULES = YES;
				CLANG_ENABLE_OBJC_ARC = YES;
				CLANG_WARN_BOOL_CONVERSION = YES;
				CLANG_WARN_CONSTANT_CONVERSION = YES;
				CLANG_WARN_DIRECT_OBJC_ISA_USAGE = YES_ERROR;
				CLANG_WARN_DOCUMENTATION_COMMENTS = YES;
				CLANG_WARN_EMPTY_BODY = YES;
				CLANG_WARN_ENUM_CONVERSION = YES;
				CLANG_WARN_INFINITE_RECURSION = YES;
				CLANG_WARN_INT_CONVERSION = YES;
				CLANG_WARN_OBJC_ROOT_CLASS = YES_ERROR;
				CLANG_WARN_SUSPICIOUS_MOVE = YES;
				CLANG_WARN_UNREACHABLE_CODE = YES;
				CLANG_WARN__DUPLICATE_METHOD_MATCH = YES;
				CODE_SIGN_IDENTITY = "-";
				COPY_PHASE_STRIP = NO;
				DEVELOPMENT_TEAM = 8736JGEFXW;
				ENABLE_STRICT_OBJC_MSGSEND = YES;
				GCC_C_LANGUAGE_STANDARD = gnu99;
				GCC_DYNAMIC_NO_PIC = NO;
				GCC_NO_COMMON_BLOCKS = YES;
				GCC_PREPROCESSOR_DEFINITIONS = (
					"DEBUG=1",
					"$(inherited)",
				);
				GCC_WARN_64_TO_32_BIT_CONVERSION = YES;
				GCC_WARN_ABOUT_RETURN_TYPE = YES_ERROR;
				GCC_WARN_UNDECLARED_SELECTOR = YES;
				GCC_WARN_UNINITIALIZED_AUTOS = YES_AGGRESSIVE;
				GCC_WARN_UNUSED_FUNCTION = YES;
				GCC_WARN_UNUSED_VARIABLE = YES;
				LD_RUNPATH_SEARCH_PATHS = "$(inherited) @executable_path/../Frameworks @loader_path/../Frameworks";
				MTL_ENABLE_DEBUG_INFO = YES;
				PRODUCT_BUNDLE_IDENTIFIER = com.quantumcheese.InflatoTests;
				PRODUCT_NAME = "$(TARGET_NAME)";
				SWIFT_ACTIVE_COMPILATION_CONDITIONS = DEBUG;
				SWIFT_VERSION = 3.0;
			};
			name = Debug;
		};
		1BAC4DBC1E878F5700D67828 /* Release */ = {
			isa = XCBuildConfiguration;
			buildSettings = {
				ALWAYS_EMBED_SWIFT_STANDARD_LIBRARIES = YES;
				ALWAYS_SEARCH_USER_PATHS = NO;
				CLANG_ANALYZER_NONNULL = YES;
				CLANG_CXX_LANGUAGE_STANDARD = "gnu++0x";
				CLANG_CXX_LIBRARY = "libc++";
				CLANG_ENABLE_MODULES = YES;
				CLANG_ENABLE_OBJC_ARC = YES;
				CLANG_WARN_BOOL_CONVERSION = YES;
				CLANG_WARN_CONSTANT_CONVERSION = YES;
				CLANG_WARN_DIRECT_OBJC_ISA_USAGE = YES_ERROR;
				CLANG_WARN_DOCUMENTATION_COMMENTS = YES;
				CLANG_WARN_EMPTY_BODY = YES;
				CLANG_WARN_ENUM_CONVERSION = YES;
				CLANG_WARN_INFINITE_RECURSION = YES;
				CLANG_WARN_INT_CONVERSION = YES;
				CLANG_WARN_OBJC_ROOT_CLASS = YES_ERROR;
				CLANG_WARN_SUSPICIOUS_MOVE = YES;
				CLANG_WARN_UNREACHABLE_CODE = YES;
				CLANG_WARN__DUPLICATE_METHOD_MATCH = YES;
				CODE_SIGN_IDENTITY = "-";
				COPY_PHASE_STRIP = NO;
				DEVELOPMENT_TEAM = 8736JGEFXW;
				ENABLE_NS_ASSERTIONS = NO;
				ENABLE_STRICT_OBJC_MSGSEND = YES;
				GCC_C_LANGUAGE_STANDARD = gnu99;
				GCC_NO_COMMON_BLOCKS = YES;
				GCC_WARN_64_TO_32_BIT_CONVERSION = YES;
				GCC_WARN_ABOUT_RETURN_TYPE = YES_ERROR;
				GCC_WARN_UNDECLARED_SELECTOR = YES;
				GCC_WARN_UNINITIALIZED_AUTOS = YES_AGGRESSIVE;
				GCC_WARN_UNUSED_FUNCTION = YES;
				GCC_WARN_UNUSED_VARIABLE = YES;
				LD_RUNPATH_SEARCH_PATHS = "$(inherited) @executable_path/../Frameworks @loader_path/../Frameworks";
				MTL_ENABLE_DEBUG_INFO = NO;
				PRODUCT_BUNDLE_IDENTIFIER = com.quantumcheese.InflatoTests;
				PRODUCT_NAME = "$(TARGET_NAME)";
				SWIFT_OPTIMIZATION_LEVEL = "-Owholemodule";
				SWIFT_VERSION = 3.0;
			};
			name = Release;
		};
		OBJ_27 /* Debug */ = {
			isa = XCBuildConfiguration;
			buildSettings = {
				CLANG_ENABLE_MODULES = YES;
				DEFINES_MODULE = YES;
				ENABLE_TESTABILITY = YES;
				FRAMEWORK_SEARCH_PATHS = (
					"$(inherited)",
					"$(PLATFORM_DIR)/Developer/Library/Frameworks",
				);
				HEADER_SEARCH_PATHS = "$(inherited)";
				INFOPLIST_FILE = Inflato.xcodeproj/Inflato_Info.plist;
				LD_RUNPATH_SEARCH_PATHS = "$(TOOLCHAIN_DIR)/usr/lib/swift/macosx @executable_path";
				OTHER_LDFLAGS = "$(inherited)";
				OTHER_SWIFT_FLAGS = "$(inherited)";
				PRODUCT_BUNDLE_IDENTIFIER = com.quantumcheese.inflato;
				PRODUCT_NAME = Inflato;
				SWIFT_FORCE_DYNAMIC_LINK_STDLIB = YES;
				SWIFT_FORCE_STATIC_LINK_STDLIB = NO;
				SWIFT_OPTIMIZATION_LEVEL = "-Onone";
				SWIFT_VERSION = 3.0;
				TARGET_NAME = Inflato;
			};
			name = Debug;
		};
		OBJ_28 /* Release */ = {
			isa = XCBuildConfiguration;
			buildSettings = {
				CLANG_ENABLE_MODULES = YES;
				FRAMEWORK_SEARCH_PATHS = (
					"$(inherited)",
					"$(PLATFORM_DIR)/Developer/Library/Frameworks",
				);
				HEADER_SEARCH_PATHS = "$(inherited)";
				INFOPLIST_FILE = Inflato.xcodeproj/Inflato_Info.plist;
				LD_RUNPATH_SEARCH_PATHS = "$(TOOLCHAIN_DIR)/usr/lib/swift/macosx @executable_path";
				OTHER_LDFLAGS = "$(inherited)";
				OTHER_SWIFT_FLAGS = "$(inherited)";
				PRODUCT_BUNDLE_IDENTIFIER = com.quantumcheese.inflato;
				PRODUCT_NAME = Inflato;
				SWIFT_FORCE_DYNAMIC_LINK_STDLIB = YES;
				SWIFT_FORCE_STATIC_LINK_STDLIB = NO;
				SWIFT_VERSION = 3.0;
				TARGET_NAME = Inflato;
			};
			name = Release;
		};
		OBJ_3 /* Debug */ = {
			isa = XCBuildConfiguration;
			buildSettings = {
				COMBINE_HIDPI_IMAGES = YES;
				COPY_PHASE_STRIP = NO;
				DEBUG_INFORMATION_FORMAT = dwarf;
				DYLIB_INSTALL_NAME_BASE = "@rpath";
				ENABLE_NS_ASSERTIONS = YES;
				GCC_OPTIMIZATION_LEVEL = 0;
				ONLY_ACTIVE_ARCH = YES;
				OTHER_SWIFT_FLAGS = "-DXcode";
				SDKROOT = macosx;
				SUPPORTED_PLATFORMS = macosx;
				SWIFT_ACTIVE_COMPILATION_CONDITIONS = SWIFT_PACKAGE;
				SWIFT_OPTIMIZATION_LEVEL = "-Onone";
				SWIFT_VERSION = 3.0;
				USE_HEADERMAP = NO;
			};
			name = Debug;
		};
		OBJ_4 /* Release */ = {
			isa = XCBuildConfiguration;
			buildSettings = {
				COMBINE_HIDPI_IMAGES = YES;
				DEBUG_INFORMATION_FORMAT = "dwarf-with-dsym";
				DYLIB_INSTALL_NAME_BASE = "@rpath";
				GCC_OPTIMIZATION_LEVEL = s;
				OTHER_SWIFT_FLAGS = "-DXcode";
				SDKROOT = macosx;
				SUPPORTED_PLATFORMS = macosx;
				SWIFT_ACTIVE_COMPILATION_CONDITIONS = SWIFT_PACKAGE;
				SWIFT_OPTIMIZATION_LEVEL = "-O";
				SWIFT_VERSION = 3.0;
				USE_HEADERMAP = NO;
			};
			name = Release;
		};
/* End XCBuildConfiguration section */

/* Begin XCConfigurationList section */
		1BAC4DBA1E878F5700D67828 /* Build configuration list for PBXNativeTarget "InflatoTests" */ = {
			isa = XCConfigurationList;
			buildConfigurations = (
				1BAC4DBB1E878F5700D67828 /* Debug */,
				1BAC4DBC1E878F5700D67828 /* Release */,
			);
			defaultConfigurationIsVisible = 0;
			defaultConfigurationName = Debug;
		};
		OBJ_2 /* Build configuration list for PBXProject "Inflato" */ = {
			isa = XCConfigurationList;
			buildConfigurations = (
				OBJ_3 /* Debug */,
				OBJ_4 /* Release */,
			);
			defaultConfigurationIsVisible = 0;
			defaultConfigurationName = Debug;
		};
		OBJ_26 /* Build configuration list for PBXNativeTarget "Inflato" */ = {
			isa = XCConfigurationList;
			buildConfigurations = (
				OBJ_27 /* Debug */,
				OBJ_28 /* Release */,
			);
			defaultConfigurationIsVisible = 0;
			defaultConfigurationName = Debug;
		};
/* End XCConfigurationList section */
	};
	rootObject = OBJ_1 /* Project object */;
}
