// !$*UTF8*$!
{
	archiveVersion = 1;
	classes = {
	};
	objectVersion = 46;
	objects = {

/* Begin PBXBuildFile section */
		1BD82F171E1A9E37006593A2 /* main.swift in Sources */ = {isa = PBXBuildFile; fileRef = 1BD82F161E1A9E37006593A2 /* main.swift */; };
		1BD82F221E1A9FB0006593A2 /* Compression.swift in Sources */ = {isa = PBXBuildFile; fileRef = 1BD82F211E1A9FB0006593A2 /* Compression.swift */; };
		1BD82F311E1AA34B006593A2 /* Compression.swift in Sources */ = {isa = PBXBuildFile; fileRef = 1BD82F211E1A9FB0006593A2 /* Compression.swift */; };
		1BD82F361E1ADC35006593A2 /* Reconstitution.swift in Sources */ = {isa = PBXBuildFile; fileRef = 1BD82F351E1ADC35006593A2 /* Reconstitution.swift */; };
		1BD82F371E1ADE9A006593A2 /* Reconstitution.swift in Sources */ = {isa = PBXBuildFile; fileRef = 1BD82F351E1ADC35006593A2 /* Reconstitution.swift */; };
		1BD82F431E1AE78C006593A2 /* CompressionTest.swift in Sources */ = {isa = PBXBuildFile; fileRef = 1BD82F401E1AE78C006593A2 /* CompressionTest.swift */; };
		1BD82F441E1AE78C006593A2 /* ReconstituteCompressionTest.swift in Sources */ = {isa = PBXBuildFile; fileRef = 1BD82F411E1AE78C006593A2 /* ReconstituteCompressionTest.swift */; };
		1BD82F451E1AE78C006593A2 /* ReconstituteTest.swift in Sources */ = {isa = PBXBuildFile; fileRef = 1BD82F421E1AE78C006593A2 /* ReconstituteTest.swift */; };
/* End PBXBuildFile section */

/* Begin PBXCopyFilesBuildPhase section */
		1BD82F111E1A9E37006593A2 /* CopyFiles */ = {
			isa = PBXCopyFilesBuildPhase;
			buildActionMask = 2147483647;
			dstPath = /usr/share/man/man1/;
			dstSubfolderSpec = 0;
			files = (
			);
			runOnlyForDeploymentPostprocessing = 1;
		};
/* End PBXCopyFilesBuildPhase section */

/* Begin PBXFileReference section */
		1BD82F131E1A9E37006593A2 /* expando */ = {isa = PBXFileReference; explicitFileType = "compiled.mach-o.executable"; includeInIndex = 0; path = expando; sourceTree = BUILT_PRODUCTS_DIR; };
		1BD82F161E1A9E37006593A2 /* main.swift */ = {isa = PBXFileReference; lastKnownFileType = sourcecode.swift; path = main.swift; sourceTree = "<group>"; };
		1BD82F211E1A9FB0006593A2 /* Compression.swift */ = {isa = PBXFileReference; fileEncoding = 4; lastKnownFileType = sourcecode.swift; path = Compression.swift; sourceTree = "<group>"; };
		1BD82F291E1AA19A006593A2 /* ExpandoTest.xctest */ = {isa = PBXFileReference; explicitFileType = wrapper.cfbundle; includeInIndex = 0; path = ExpandoTest.xctest; sourceTree = BUILT_PRODUCTS_DIR; };
		1BD82F2D1E1AA19A006593A2 /* Info.plist */ = {isa = PBXFileReference; lastKnownFileType = text.plist.xml; path = Info.plist; sourceTree = "<group>"; };
		1BD82F351E1ADC35006593A2 /* Reconstitution.swift */ = {isa = PBXFileReference; fileEncoding = 4; lastKnownFileType = sourcecode.swift; path = Reconstitution.swift; sourceTree = "<group>"; };
		1BD82F401E1AE78C006593A2 /* CompressionTest.swift */ = {isa = PBXFileReference; fileEncoding = 4; lastKnownFileType = sourcecode.swift; path = CompressionTest.swift; sourceTree = "<group>"; };
		1BD82F411E1AE78C006593A2 /* ReconstituteCompressionTest.swift */ = {isa = PBXFileReference; fileEncoding = 4; lastKnownFileType = sourcecode.swift; path = ReconstituteCompressionTest.swift; sourceTree = "<group>"; };
		1BD82F421E1AE78C006593A2 /* ReconstituteTest.swift */ = {isa = PBXFileReference; fileEncoding = 4; lastKnownFileType = sourcecode.swift; path = ReconstituteTest.swift; sourceTree = "<group>"; };
/* End PBXFileReference section */

/* Begin PBXFrameworksBuildPhase section */
		1BD82F101E1A9E37006593A2 /* Frameworks */ = {
			isa = PBXFrameworksBuildPhase;
			buildActionMask = 2147483647;
			files = (
			);
			runOnlyForDeploymentPostprocessing = 0;
		};
		1BD82F261E1AA19A006593A2 /* Frameworks */ = {
			isa = PBXFrameworksBuildPhase;
			buildActionMask = 2147483647;
			files = (
			);
			runOnlyForDeploymentPostprocessing = 0;
		};
/* End PBXFrameworksBuildPhase section */

/* Begin PBXGroup section */
		1BD82F0A1E1A9E36006593A2 = {
			isa = PBXGroup;
			children = (
				1BD82F151E1A9E37006593A2 /* expando */,
				1BD82F2A1E1AA19A006593A2 /* ExpandoTest */,
				1BD82F141E1A9E37006593A2 /* Products */,
			);
			sourceTree = "<group>";
		};
		1BD82F141E1A9E37006593A2 /* Products */ = {
			isa = PBXGroup;
			children = (
				1BD82F131E1A9E37006593A2 /* expando */,
				1BD82F291E1AA19A006593A2 /* ExpandoTest.xctest */,
			);
			name = Products;
			sourceTree = "<group>";
		};
		1BD82F151E1A9E37006593A2 /* expando */ = {
			isa = PBXGroup;
			children = (
				1BD82F161E1A9E37006593A2 /* main.swift */,
				1BD82F211E1A9FB0006593A2 /* Compression.swift */,
				1BD82F351E1ADC35006593A2 /* Reconstitution.swift */,
			);
			path = expando;
			sourceTree = "<group>";
		};
		1BD82F2A1E1AA19A006593A2 /* ExpandoTest */ = {
			isa = PBXGroup;
			children = (
				1BD82F401E1AE78C006593A2 /* CompressionTest.swift */,
				1BD82F411E1AE78C006593A2 /* ReconstituteCompressionTest.swift */,
				1BD82F421E1AE78C006593A2 /* ReconstituteTest.swift */,
				1BD82F2D1E1AA19A006593A2 /* Info.plist */,
			);
			path = ExpandoTest;
			sourceTree = "<group>";
		};
/* End PBXGroup section */

/* Begin PBXNativeTarget section */
		1BD82F121E1A9E37006593A2 /* expando */ = {
			isa = PBXNativeTarget;
			buildConfigurationList = 1BD82F1A1E1A9E37006593A2 /* Build configuration list for PBXNativeTarget "expando" */;
			buildPhases = (
				1BD82F0F1E1A9E37006593A2 /* Sources */,
				1BD82F101E1A9E37006593A2 /* Frameworks */,
				1BD82F111E1A9E37006593A2 /* CopyFiles */,
			);
			buildRules = (
			);
			dependencies = (
			);
			name = expando;
			productName = expando;
			productReference = 1BD82F131E1A9E37006593A2 /* expando */;
			productType = "com.apple.product-type.tool";
		};
		1BD82F281E1AA19A006593A2 /* ExpandoTest */ = {
			isa = PBXNativeTarget;
			buildConfigurationList = 1BD82F2E1E1AA19A006593A2 /* Build configuration list for PBXNativeTarget "ExpandoTest" */;
			buildPhases = (
				1BD82F251E1AA19A006593A2 /* Sources */,
				1BD82F261E1AA19A006593A2 /* Frameworks */,
				1BD82F271E1AA19A006593A2 /* Resources */,
			);
			buildRules = (
			);
			dependencies = (
			);
			name = ExpandoTest;
			productName = ExpandoTest;
			productReference = 1BD82F291E1AA19A006593A2 /* ExpandoTest.xctest */;
			productType = "com.apple.product-type.bundle.unit-test";
		};
/* End PBXNativeTarget section */

/* Begin PBXProject section */
		1BD82F0B1E1A9E37006593A2 /* Project object */ = {
			isa = PBXProject;
			attributes = {
				LastSwiftUpdateCheck = 0820;
				LastUpgradeCheck = 0820;
				ORGANIZATIONNAME = "Quantum Cheese Coding, LLC";
				TargetAttributes = {
					1BD82F121E1A9E37006593A2 = {
						CreatedOnToolsVersion = 8.2.1;
						ProvisioningStyle = Automatic;
					};
					1BD82F281E1AA19A006593A2 = {
						CreatedOnToolsVersion = 8.2.1;
						ProvisioningStyle = Automatic;
					};
				};
			};
			buildConfigurationList = 1BD82F0E1E1A9E37006593A2 /* Build configuration list for PBXProject "expando" */;
			compatibilityVersion = "Xcode 3.2";
			developmentRegion = English;
			hasScannedForEncodings = 0;
			knownRegions = (
				en,
			);
			mainGroup = 1BD82F0A1E1A9E36006593A2;
			productRefGroup = 1BD82F141E1A9E37006593A2 /* Products */;
			projectDirPath = "";
			projectRoot = "";
			targets = (
				1BD82F121E1A9E37006593A2 /* expando */,
				1BD82F281E1AA19A006593A2 /* ExpandoTest */,
			);
		};
/* End PBXProject section */

/* Begin PBXResourcesBuildPhase section */
		1BD82F271E1AA19A006593A2 /* Resources */ = {
			isa = PBXResourcesBuildPhase;
			buildActionMask = 2147483647;
			files = (
			);
			runOnlyForDeploymentPostprocessing = 0;
		};
/* End PBXResourcesBuildPhase section */

/* Begin PBXSourcesBuildPhase section */
		1BD82F0F1E1A9E37006593A2 /* Sources */ = {
			isa = PBXSourcesBuildPhase;
			buildActionMask = 2147483647;
			files = (
				1BD82F171E1A9E37006593A2 /* main.swift in Sources */,
				1BD82F221E1A9FB0006593A2 /* Compression.swift in Sources */,
				1BD82F361E1ADC35006593A2 /* Reconstitution.swift in Sources */,
			);
			runOnlyForDeploymentPostprocessing = 0;
		};
		1BD82F251E1AA19A006593A2 /* Sources */ = {
			isa = PBXSourcesBuildPhase;
			buildActionMask = 2147483647;
			files = (
				1BD82F371E1ADE9A006593A2 /* Reconstitution.swift in Sources */,
				1BD82F451E1AE78C006593A2 /* ReconstituteTest.swift in Sources */,
				1BD82F441E1AE78C006593A2 /* ReconstituteCompressionTest.swift in Sources */,
				1BD82F431E1AE78C006593A2 /* CompressionTest.swift in Sources */,
				1BD82F311E1AA34B006593A2 /* Compression.swift in Sources */,
			);
			runOnlyForDeploymentPostprocessing = 0;
		};
/* End PBXSourcesBuildPhase section */

/* Begin XCBuildConfiguration section */
		1BD82F181E1A9E37006593A2 /* Debug */ = {
			isa = XCBuildConfiguration;
			buildSettings = {
				ALWAYS_SEARCH_USER_PATHS = NO;
				CLANG_ANALYZER_NONNULL = YES;
				CLANG_CXX_LANGUAGE_STANDARD = "gnu++0x";
				CLANG_CXX_LIBRARY = "libc++";
				CLANG_ENABLE_MODULES = YES;
				CLANG_ENABLE_OBJC_ARC = YES;
				CLANG_WARN_BOOL_CONVERSION = YES;
				CLANG_WARN_CONSTANT_CONVERSION = YES;
				CLANG_WARN_DIRECT_OBJC_ISA_USAGE = YES_ERROR;
				CLANG_WARN_DOCUMENTATION_COMMENTS = YES;
				CLANG_WARN_EMPTY_BODY = YES;
				CLANG_WARN_ENUM_CONVERSION = YES;
				CLANG_WARN_INFINITE_RECURSION = YES;
				CLANG_WARN_INT_CONVERSION = YES;
				CLANG_WARN_OBJC_ROOT_CLASS = YES_ERROR;
				CLANG_WARN_SUSPICIOUS_MOVE = YES;
				CLANG_WARN_UNREACHABLE_CODE = YES;
				CLANG_WARN__DUPLICATE_METHOD_MATCH = YES;
				CODE_SIGN_IDENTITY = "-";
				COPY_PHASE_STRIP = NO;
				DEBUG_INFORMATION_FORMAT = dwarf;
				ENABLE_STRICT_OBJC_MSGSEND = YES;
				ENABLE_TESTABILITY = YES;
				GCC_C_LANGUAGE_STANDARD = gnu99;
				GCC_DYNAMIC_NO_PIC = NO;
				GCC_NO_COMMON_BLOCKS = YES;
				GCC_OPTIMIZATION_LEVEL = 0;
				GCC_PREPROCESSOR_DEFINITIONS = (
					"DEBUG=1",
					"$(inherited)",
				);
				GCC_WARN_64_TO_32_BIT_CONVERSION = YES;
				GCC_WARN_ABOUT_RETURN_TYPE = YES_ERROR;
				GCC_WARN_UNDECLARED_SELECTOR = YES;
				GCC_WARN_UNINITIALIZED_AUTOS = YES_AGGRESSIVE;
				GCC_WARN_UNUSED_FUNCTION = YES;
				GCC_WARN_UNUSED_VARIABLE = YES;
				MACOSX_DEPLOYMENT_TARGET = 10.12;
				MTL_ENABLE_DEBUG_INFO = YES;
				ONLY_ACTIVE_ARCH = YES;
				SDKROOT = macosx;
				SWIFT_OPTIMIZATION_LEVEL = "-Onone";
			};
			name = Debug;
		};
		1BD82F191E1A9E37006593A2 /* Release */ = {
			isa = XCBuildConfiguration;
			buildSettings = {
				ALWAYS_SEARCH_USER_PATHS = NO;
				CLANG_ANALYZER_NONNULL = YES;
				CLANG_CXX_LANGUAGE_STANDARD = "gnu++0x";
				CLANG_CXX_LIBRARY = "libc++";
				CLANG_ENABLE_MODULES = YES;
				CLANG_ENABLE_OBJC_ARC = YES;
				CLANG_WARN_BOOL_CONVERSION = YES;
				CLANG_WARN_CONSTANT_CONVERSION = YES;
				CLANG_WARN_DIRECT_OBJC_ISA_USAGE = YES_ERROR;
				CLANG_WARN_DOCUMENTATION_COMMENTS = YES;
				CLANG_WARN_EMPTY_BODY = YES;
				CLANG_WARN_ENUM_CONVERSION = YES;
				CLANG_WARN_INFINITE_RECURSION = YES;
				CLANG_WARN_INT_CONVERSION = YES;
				CLANG_WARN_OBJC_ROOT_CLASS = YES_ERROR;
				CLANG_WARN_SUSPICIOUS_MOVE = YES;
				CLANG_WARN_UNREACHABLE_CODE = YES;
				CLANG_WARN__DUPLICATE_METHOD_MATCH = YES;
				CODE_SIGN_IDENTITY = "-";
				COPY_PHASE_STRIP = NO;
				DEBUG_INFORMATION_FORMAT = "dwarf-with-dsym";
				ENABLE_NS_ASSERTIONS = NO;
				ENABLE_STRICT_OBJC_MSGSEND = YES;
				GCC_C_LANGUAGE_STANDARD = gnu99;
				GCC_NO_COMMON_BLOCKS = YES;
				GCC_WARN_64_TO_32_BIT_CONVERSION = YES;
				GCC_WARN_ABOUT_RETURN_TYPE = YES_ERROR;
				GCC_WARN_UNDECLARED_SELECTOR = YES;
				GCC_WARN_UNINITIALIZED_AUTOS = YES_AGGRESSIVE;
				GCC_WARN_UNUSED_FUNCTION = YES;
				GCC_WARN_UNUSED_VARIABLE = YES;
				MACOSX_DEPLOYMENT_TARGET = 10.12;
				MTL_ENABLE_DEBUG_INFO = NO;
				SDKROOT = macosx;
			};
			name = Release;
		};
		1BD82F1B1E1A9E37006593A2 /* Debug */ = {
			isa = XCBuildConfiguration;
			buildSettings = {
				PRODUCT_NAME = "$(TARGET_NAME)";
				SWIFT_VERSION = 3.0;
			};
			name = Debug;
		};
		1BD82F1C1E1A9E37006593A2 /* Release */ = {
			isa = XCBuildConfiguration;
			buildSettings = {
				PRODUCT_NAME = "$(TARGET_NAME)";
				SWIFT_VERSION = 3.0;
			};
			name = Release;
		};
		1BD82F2F1E1AA19A006593A2 /* Debug */ = {
			isa = XCBuildConfiguration;
			buildSettings = {
				COMBINE_HIDPI_IMAGES = YES;
				INFOPLIST_FILE = ExpandoTest/Info.plist;
				LD_RUNPATH_SEARCH_PATHS = "$(inherited) @executable_path/../Frameworks @loader_path/../Frameworks";
				PRODUCT_BUNDLE_IDENTIFIER = com.quantumcheese.ExpandoTest;
				PRODUCT_NAME = "$(TARGET_NAME)";
				SWIFT_ACTIVE_COMPILATION_CONDITIONS = DEBUG;
				SWIFT_VERSION = 3.0;
			};
			name = Debug;
		};
		1BD82F301E1AA19A006593A2 /* Release */ = {
			isa = XCBuildConfiguration;
			buildSettings = {
				COMBINE_HIDPI_IMAGES = YES;
				INFOPLIST_FILE = ExpandoTest/Info.plist;
				LD_RUNPATH_SEARCH_PATHS = "$(inherited) @executable_path/../Frameworks @loader_path/../Frameworks";
				PRODUCT_BUNDLE_IDENTIFIER = com.quantumcheese.ExpandoTest;
				PRODUCT_NAME = "$(TARGET_NAME)";
				SWIFT_OPTIMIZATION_LEVEL = "-Owholemodule";
				SWIFT_VERSION = 3.0;
			};
			name = Release;
		};
/* End XCBuildConfiguration section */

/* Begin XCConfigurationList section */
		1BD82F0E1E1A9E37006593A2 /* Build configuration list for PBXProject "expando" */ = {
			isa = XCConfigurationList;
			buildConfigurations = (
				1BD82F181E1A9E37006593A2 /* Debug */,
				1BD82F191E1A9E37006593A2 /* Release */,
			);
			defaultConfigurationIsVisible = 0;
			defaultConfigurationName = Release;
		};
		1BD82F1A1E1A9E37006593A2 /* Build configuration list for PBXNativeTarget "expando" */ = {
			isa = XCConfigurationList;
			buildConfigurations = (
				1BD82F1B1E1A9E37006593A2 /* Debug */,
				1BD82F1C1E1A9E37006593A2 /* Release */,
			);
			defaultConfigurationIsVisible = 0;
			defaultConfigurationName = Release;
		};
		1BD82F2E1E1AA19A006593A2 /* Build configuration list for PBXNativeTarget "ExpandoTest" */ = {
			isa = XCConfigurationList;
			buildConfigurations = (
				1BD82F2F1E1AA19A006593A2 /* Debug */,
				1BD82F301E1AA19A006593A2 /* Release */,
			);
			defaultConfigurationIsVisible = 0;
			defaultConfigurationName = Release;
		};
/* End XCConfigurationList section */
	};
	rootObject = 1BD82F0B1E1A9E37006593A2 /* Project object */;
}
